// !$*UTF8*$!
{
	archiveVersion = 1;
	classes = {
	};
	objectVersion = 51;
	objects = {

/* Begin PBXBuildFile section */
		003938733B900BCCE1659420 /* Pods_newsApp_newsAppUITests.framework in Frameworks */ = {isa = PBXBuildFile; fileRef = 32005ED97659CBA2B28082B7 /* Pods_newsApp_newsAppUITests.framework */; };
		AC01D48B257FDD8F0036A1EA /* TabBarController.swift in Sources */ = {isa = PBXBuildFile; fileRef = AC01D48A257FDD8F0036A1EA /* TabBarController.swift */; };
		AC11B84C25A5ED3B0015F6B7 /* PasswordTextField.swift in Sources */ = {isa = PBXBuildFile; fileRef = AC11B84B25A5ED3B0015F6B7 /* PasswordTextField.swift */; };
		AC2BE857259E4A9E004A3E08 /* SignInViewController.swift in Sources */ = {isa = PBXBuildFile; fileRef = AC2BE855259E4A9E004A3E08 /* SignInViewController.swift */; };
		AC2BE858259E4A9E004A3E08 /* SignInViewController.xib in Resources */ = {isa = PBXBuildFile; fileRef = AC2BE856259E4A9E004A3E08 /* SignInViewController.xib */; };
		AC2F43BD259BAA9E00DD74CF /* GoogleService-Info.plist in Resources */ = {isa = PBXBuildFile; fileRef = AC2F43BC259BAA9E00DD74CF /* GoogleService-Info.plist */; };
		AC2F4440259CB66D00DD74CF /* MarkedViewController.swift in Sources */ = {isa = PBXBuildFile; fileRef = AC2F443F259CB66D00DD74CF /* MarkedViewController.swift */; };
		AC2F4448259CEE8200DD74CF /* SignedOutView.swift in Sources */ = {isa = PBXBuildFile; fileRef = AC2F4447259CEE8200DD74CF /* SignedOutView.swift */; };
		AC2F4450259CF73700DD74CF /* SignedOutView.xib in Resources */ = {isa = PBXBuildFile; fileRef = AC2F444F259CF73700DD74CF /* SignedOutView.xib */; };
		AC3DAA4D2594DBE100F2FAC1 /* RecentSearchesTableView.swift in Sources */ = {isa = PBXBuildFile; fileRef = AC3DAA4C2594DBE100F2FAC1 /* RecentSearchesTableView.swift */; };
		AC3ED70425405C29007BED8B /* WorldCountryViewController.swift in Sources */ = {isa = PBXBuildFile; fileRef = AC3ED70325405C29007BED8B /* WorldCountryViewController.swift */; };
		AC467AB0252BB018003089D5 /* NewsstandTableViewController.swift in Sources */ = {isa = PBXBuildFile; fileRef = AC467AAF252BB018003089D5 /* NewsstandTableViewController.swift */; };
		AC467AC9252BC530003089D5 /* CountryTableViewController.swift in Sources */ = {isa = PBXBuildFile; fileRef = AC467AC8252BC530003089D5 /* CountryTableViewController.swift */; };
		AC4D9C942542FA7600942DA8 /* NewsCell.swift in Sources */ = {isa = PBXBuildFile; fileRef = AC4D9C922542FA7600942DA8 /* NewsCell.swift */; };
		AC4D9C952542FA7600942DA8 /* NewsCell.xib in Resources */ = {isa = PBXBuildFile; fileRef = AC4D9C932542FA7600942DA8 /* NewsCell.xib */; };
		AC4D9CEF254EEECD00942DA8 /* Secrets.plist in Resources */ = {isa = PBXBuildFile; fileRef = AC4D9CEE254EEECD00942DA8 /* Secrets.plist */; };
		AC5365FA25520E6F00061FDA /* NewsManager.swift in Sources */ = {isa = PBXBuildFile; fileRef = AC5365F925520E6F00061FDA /* NewsManager.swift */; };
		AC5D2A3F2572773200031C56 /* SettingsTableViewController.swift in Sources */ = {isa = PBXBuildFile; fileRef = AC5D2A3E2572773200031C56 /* SettingsTableViewController.swift */; };
		AC5D2A582579523600031C56 /* Constants.swift in Sources */ = {isa = PBXBuildFile; fileRef = AC5D2A572579522F00031C56 /* Constants.swift */; };
		AC6046D4252A15F3007CEB56 /* AppDelegate.swift in Sources */ = {isa = PBXBuildFile; fileRef = AC6046D3252A15F3007CEB56 /* AppDelegate.swift */; };
		AC6046D6252A15F3007CEB56 /* SceneDelegate.swift in Sources */ = {isa = PBXBuildFile; fileRef = AC6046D5252A15F3007CEB56 /* SceneDelegate.swift */; };
		AC6046DB252A15F3007CEB56 /* Main.storyboard in Resources */ = {isa = PBXBuildFile; fileRef = AC6046D9252A15F3007CEB56 /* Main.storyboard */; };
		AC6046DD252A15F4007CEB56 /* Assets.xcassets in Resources */ = {isa = PBXBuildFile; fileRef = AC6046DC252A15F4007CEB56 /* Assets.xcassets */; };
		AC6046E0252A15F5007CEB56 /* LaunchScreen.storyboard in Resources */ = {isa = PBXBuildFile; fileRef = AC6046DE252A15F4007CEB56 /* LaunchScreen.storyboard */; };
		AC6557FC25952B2C00345F73 /* RealFakeViewController.swift in Sources */ = {isa = PBXBuildFile; fileRef = AC6557FB25952B2C00345F73 /* RealFakeViewController.swift */; };
		ACAF5E83258A3DED00F6026B /* LoadMoreActivityIndicator.swift in Sources */ = {isa = PBXBuildFile; fileRef = ACAF5E82258A3DED00F6026B /* LoadMoreActivityIndicator.swift */; };
		ACDD7DC3257BD7590027795F /* SetIntitalScreenTableViewController.swift in Sources */ = {isa = PBXBuildFile; fileRef = ACDD7DC2257BD7590027795F /* SetIntitalScreenTableViewController.swift */; };
		ACEDC6322593867200AE66EC /* RecentSearches.swift in Sources */ = {isa = PBXBuildFile; fileRef = ACEDC6312593867200AE66EC /* RecentSearches.swift */; };
		ACEDF7D825306FCB00F3E4F8 /* Category.swift in Sources */ = {isa = PBXBuildFile; fileRef = ACEDF7D725306FCB00F3E4F8 /* Category.swift */; };
		ACEDF81F2535D7DD00F3E4F8 /* Settings.swift in Sources */ = {isa = PBXBuildFile; fileRef = ACEDF81E2535D7DD00F3E4F8 /* Settings.swift */; };
		ACEDF834253887B400F3E4F8 /* Country.swift in Sources */ = {isa = PBXBuildFile; fileRef = ACEDF833253887B400F3E4F8 /* Country.swift */; };
		ACFFE04725979DB600B55AF2 /* PublicViewsViewController.swift in Sources */ = {isa = PBXBuildFile; fileRef = ACFFE04625979DB600B55AF2 /* PublicViewsViewController.swift */; };
		BB7973219519761B89BD3550 /* Pods_newsApp.framework in Frameworks */ = {isa = PBXBuildFile; fileRef = 763DB5C5856A18A1D3EAD04F /* Pods_newsApp.framework */; };
		F5D840FC1BF5F6598A269442 /* Pods_newsAppTests.framework in Frameworks */ = {isa = PBXBuildFile; fileRef = 76EF39D3E477FB9E6B61F768 /* Pods_newsAppTests.framework */; };
/* End PBXBuildFile section */

/* Begin PBXContainerItemProxy section */
		AC6046E7252A15F5007CEB56 /* PBXContainerItemProxy */ = {
			isa = PBXContainerItemProxy;
			containerPortal = AC6046C8252A15F3007CEB56 /* Project object */;
			proxyType = 1;
			remoteGlobalIDString = AC6046CF252A15F3007CEB56;
			remoteInfo = newsApp;
		};
		AC6046F2252A15F5007CEB56 /* PBXContainerItemProxy */ = {
			isa = PBXContainerItemProxy;
			containerPortal = AC6046C8252A15F3007CEB56 /* Project object */;
			proxyType = 1;
			remoteGlobalIDString = AC6046CF252A15F3007CEB56;
			remoteInfo = newsApp;
		};
/* End PBXContainerItemProxy section */

/* Begin PBXFileReference section */
		261BAB07F35F07333F5FBC12 /* Pods-newsApp-newsAppUITests.debug.xcconfig */ = {isa = PBXFileReference; includeInIndex = 1; lastKnownFileType = text.xcconfig; name = "Pods-newsApp-newsAppUITests.debug.xcconfig"; path = "Target Support Files/Pods-newsApp-newsAppUITests/Pods-newsApp-newsAppUITests.debug.xcconfig"; sourceTree = "<group>"; };
		31C7036DB7C16C9570B73658 /* Pods-newsAppTests.release.xcconfig */ = {isa = PBXFileReference; includeInIndex = 1; lastKnownFileType = text.xcconfig; name = "Pods-newsAppTests.release.xcconfig"; path = "Target Support Files/Pods-newsAppTests/Pods-newsAppTests.release.xcconfig"; sourceTree = "<group>"; };
		32005ED97659CBA2B28082B7 /* Pods_newsApp_newsAppUITests.framework */ = {isa = PBXFileReference; explicitFileType = wrapper.framework; includeInIndex = 0; path = Pods_newsApp_newsAppUITests.framework; sourceTree = BUILT_PRODUCTS_DIR; };
		4BDCBACE45A169507B06F6DC /* Pods-newsApp.release.xcconfig */ = {isa = PBXFileReference; includeInIndex = 1; lastKnownFileType = text.xcconfig; name = "Pods-newsApp.release.xcconfig"; path = "Target Support Files/Pods-newsApp/Pods-newsApp.release.xcconfig"; sourceTree = "<group>"; };
		763DB5C5856A18A1D3EAD04F /* Pods_newsApp.framework */ = {isa = PBXFileReference; explicitFileType = wrapper.framework; includeInIndex = 0; path = Pods_newsApp.framework; sourceTree = BUILT_PRODUCTS_DIR; };
		76EF39D3E477FB9E6B61F768 /* Pods_newsAppTests.framework */ = {isa = PBXFileReference; explicitFileType = wrapper.framework; includeInIndex = 0; path = Pods_newsAppTests.framework; sourceTree = BUILT_PRODUCTS_DIR; };
		851DF7E0CF276C2438F2D188 /* Pods-newsAppTests.debug.xcconfig */ = {isa = PBXFileReference; includeInIndex = 1; lastKnownFileType = text.xcconfig; name = "Pods-newsAppTests.debug.xcconfig"; path = "Target Support Files/Pods-newsAppTests/Pods-newsAppTests.debug.xcconfig"; sourceTree = "<group>"; };
		AC01D48A257FDD8F0036A1EA /* TabBarController.swift */ = {isa = PBXFileReference; lastKnownFileType = sourcecode.swift; path = TabBarController.swift; sourceTree = "<group>"; };
		AC11B84B25A5ED3B0015F6B7 /* PasswordTextField.swift */ = {isa = PBXFileReference; lastKnownFileType = sourcecode.swift; path = PasswordTextField.swift; sourceTree = "<group>"; };
		AC27F0C9256171D5006FE9FE /* newsAppTests.xctest */ = {isa = PBXFileReference; explicitFileType = wrapper.cfbundle; includeInIndex = 0; path = newsAppTests.xctest; sourceTree = BUILT_PRODUCTS_DIR; };
		AC27F0CA256171D5006FE9FE /* newsAppUITests.xctest */ = {isa = PBXFileReference; explicitFileType = wrapper.cfbundle; includeInIndex = 0; path = newsAppUITests.xctest; sourceTree = BUILT_PRODUCTS_DIR; };
		AC2BE855259E4A9E004A3E08 /* SignInViewController.swift */ = {isa = PBXFileReference; lastKnownFileType = sourcecode.swift; path = SignInViewController.swift; sourceTree = "<group>"; };
		AC2BE856259E4A9E004A3E08 /* SignInViewController.xib */ = {isa = PBXFileReference; lastKnownFileType = file.xib; path = SignInViewController.xib; sourceTree = "<group>"; };
		AC2F43BC259BAA9E00DD74CF /* GoogleService-Info.plist */ = {isa = PBXFileReference; fileEncoding = 4; lastKnownFileType = text.plist.xml; path = "GoogleService-Info.plist"; sourceTree = "<group>"; };
		AC2F443F259CB66D00DD74CF /* MarkedViewController.swift */ = {isa = PBXFileReference; lastKnownFileType = sourcecode.swift; path = MarkedViewController.swift; sourceTree = "<group>"; };
		AC2F4447259CEE8200DD74CF /* SignedOutView.swift */ = {isa = PBXFileReference; lastKnownFileType = sourcecode.swift; path = SignedOutView.swift; sourceTree = "<group>"; };
		AC2F444F259CF73700DD74CF /* SignedOutView.xib */ = {isa = PBXFileReference; lastKnownFileType = file.xib; path = SignedOutView.xib; sourceTree = "<group>"; };
		AC3DAA4C2594DBE100F2FAC1 /* RecentSearchesTableView.swift */ = {isa = PBXFileReference; lastKnownFileType = sourcecode.swift; path = RecentSearchesTableView.swift; sourceTree = "<group>"; };
		AC3ED70325405C29007BED8B /* WorldCountryViewController.swift */ = {isa = PBXFileReference; lastKnownFileType = sourcecode.swift; path = WorldCountryViewController.swift; sourceTree = "<group>"; };
		AC467AAF252BB018003089D5 /* NewsstandTableViewController.swift */ = {isa = PBXFileReference; lastKnownFileType = sourcecode.swift; path = NewsstandTableViewController.swift; sourceTree = "<group>"; };
		AC467AC8252BC530003089D5 /* CountryTableViewController.swift */ = {isa = PBXFileReference; lastKnownFileType = sourcecode.swift; path = CountryTableViewController.swift; sourceTree = "<group>"; };
		AC4D9C922542FA7600942DA8 /* NewsCell.swift */ = {isa = PBXFileReference; lastKnownFileType = sourcecode.swift; path = NewsCell.swift; sourceTree = "<group>"; };
		AC4D9C932542FA7600942DA8 /* NewsCell.xib */ = {isa = PBXFileReference; lastKnownFileType = file.xib; path = NewsCell.xib; sourceTree = "<group>"; };
		AC4D9CE7254EEE6B00942DA8 /* newsApp.app */ = {isa = PBXFileReference; explicitFileType = wrapper.application; includeInIndex = 0; path = newsApp.app; sourceTree = BUILT_PRODUCTS_DIR; };
		AC4D9CEE254EEECD00942DA8 /* Secrets.plist */ = {isa = PBXFileReference; lastKnownFileType = text.plist.xml; path = Secrets.plist; sourceTree = "<group>"; };
		AC5365F925520E6F00061FDA /* NewsManager.swift */ = {isa = PBXFileReference; lastKnownFileType = sourcecode.swift; path = NewsManager.swift; sourceTree = "<group>"; };
		AC5D2A3E2572773200031C56 /* SettingsTableViewController.swift */ = {isa = PBXFileReference; lastKnownFileType = sourcecode.swift; path = SettingsTableViewController.swift; sourceTree = "<group>"; };
		AC5D2A572579522F00031C56 /* Constants.swift */ = {isa = PBXFileReference; lastKnownFileType = sourcecode.swift; path = Constants.swift; sourceTree = "<group>"; };
		AC6046D3252A15F3007CEB56 /* AppDelegate.swift */ = {isa = PBXFileReference; lastKnownFileType = sourcecode.swift; path = AppDelegate.swift; sourceTree = "<group>"; };
		AC6046D5252A15F3007CEB56 /* SceneDelegate.swift */ = {isa = PBXFileReference; lastKnownFileType = sourcecode.swift; path = SceneDelegate.swift; sourceTree = "<group>"; };
		AC6046DA252A15F3007CEB56 /* Base */ = {isa = PBXFileReference; lastKnownFileType = file.storyboard; name = Base; path = Base.lproj/Main.storyboard; sourceTree = "<group>"; };
		AC6046DC252A15F4007CEB56 /* Assets.xcassets */ = {isa = PBXFileReference; lastKnownFileType = folder.assetcatalog; path = Assets.xcassets; sourceTree = "<group>"; };
		AC6046DF252A15F4007CEB56 /* Base */ = {isa = PBXFileReference; lastKnownFileType = file.storyboard; name = Base; path = Base.lproj/LaunchScreen.storyboard; sourceTree = "<group>"; };
		AC6046E1252A15F5007CEB56 /* Info.plist */ = {isa = PBXFileReference; lastKnownFileType = text.plist.xml; path = Info.plist; sourceTree = "<group>"; };
		AC6557FB25952B2C00345F73 /* RealFakeViewController.swift */ = {isa = PBXFileReference; lastKnownFileType = sourcecode.swift; path = RealFakeViewController.swift; sourceTree = "<group>"; };
		ACAF5E82258A3DED00F6026B /* LoadMoreActivityIndicator.swift */ = {isa = PBXFileReference; lastKnownFileType = sourcecode.swift; path = LoadMoreActivityIndicator.swift; sourceTree = "<group>"; };
		ACDD7DC2257BD7590027795F /* SetIntitalScreenTableViewController.swift */ = {isa = PBXFileReference; lastKnownFileType = sourcecode.swift; path = SetIntitalScreenTableViewController.swift; sourceTree = "<group>"; };
		ACEDC6312593867200AE66EC /* RecentSearches.swift */ = {isa = PBXFileReference; lastKnownFileType = sourcecode.swift; path = RecentSearches.swift; sourceTree = "<group>"; };
		ACEDF7D725306FCB00F3E4F8 /* Category.swift */ = {isa = PBXFileReference; lastKnownFileType = sourcecode.swift; path = Category.swift; sourceTree = "<group>"; };
		ACEDF81E2535D7DD00F3E4F8 /* Settings.swift */ = {isa = PBXFileReference; lastKnownFileType = sourcecode.swift; path = Settings.swift; sourceTree = "<group>"; };
		ACEDF833253887B400F3E4F8 /* Country.swift */ = {isa = PBXFileReference; lastKnownFileType = sourcecode.swift; path = Country.swift; sourceTree = "<group>"; };
		ACFFE04625979DB600B55AF2 /* PublicViewsViewController.swift */ = {isa = PBXFileReference; lastKnownFileType = sourcecode.swift; path = PublicViewsViewController.swift; sourceTree = "<group>"; };
		E90A12B8BD035A0CE3C6D83D /* Pods-newsApp.debug.xcconfig */ = {isa = PBXFileReference; includeInIndex = 1; lastKnownFileType = text.xcconfig; name = "Pods-newsApp.debug.xcconfig"; path = "Target Support Files/Pods-newsApp/Pods-newsApp.debug.xcconfig"; sourceTree = "<group>"; };
		F8C1E99B4F1A33C6BC1AFFE9 /* Pods-newsApp-newsAppUITests.release.xcconfig */ = {isa = PBXFileReference; includeInIndex = 1; lastKnownFileType = text.xcconfig; name = "Pods-newsApp-newsAppUITests.release.xcconfig"; path = "Target Support Files/Pods-newsApp-newsAppUITests/Pods-newsApp-newsAppUITests.release.xcconfig"; sourceTree = "<group>"; };
/* End PBXFileReference section */

/* Begin PBXFrameworksBuildPhase section */
		AC6046CD252A15F3007CEB56 /* Frameworks */ = {
			isa = PBXFrameworksBuildPhase;
			buildActionMask = 2147483647;
			files = (
				BB7973219519761B89BD3550 /* Pods_newsApp.framework in Frameworks */,
			);
			runOnlyForDeploymentPostprocessing = 0;
		};
		AC6046E3252A15F5007CEB56 /* Frameworks */ = {
			isa = PBXFrameworksBuildPhase;
			buildActionMask = 2147483647;
			files = (
				F5D840FC1BF5F6598A269442 /* Pods_newsAppTests.framework in Frameworks */,
			);
			runOnlyForDeploymentPostprocessing = 0;
		};
		AC6046EE252A15F5007CEB56 /* Frameworks */ = {
			isa = PBXFrameworksBuildPhase;
			buildActionMask = 2147483647;
			files = (
				003938733B900BCCE1659420 /* Pods_newsApp_newsAppUITests.framework in Frameworks */,
			);
			runOnlyForDeploymentPostprocessing = 0;
		};
/* End PBXFrameworksBuildPhase section */

/* Begin PBXGroup section */
		9B540F6BB22A83E4936A7EDC /* Pods */ = {
			isa = PBXGroup;
			children = (
				E90A12B8BD035A0CE3C6D83D /* Pods-newsApp.debug.xcconfig */,
				4BDCBACE45A169507B06F6DC /* Pods-newsApp.release.xcconfig */,
				261BAB07F35F07333F5FBC12 /* Pods-newsApp-newsAppUITests.debug.xcconfig */,
				F8C1E99B4F1A33C6BC1AFFE9 /* Pods-newsApp-newsAppUITests.release.xcconfig */,
				851DF7E0CF276C2438F2D188 /* Pods-newsAppTests.debug.xcconfig */,
				31C7036DB7C16C9570B73658 /* Pods-newsAppTests.release.xcconfig */,
			);
			path = Pods;
			sourceTree = "<group>";
		};
		AC29BE2125A0559A003C1555 /* Sign In */ = {
			isa = PBXGroup;
			children = (
				AC2BE855259E4A9E004A3E08 /* SignInViewController.swift */,
				AC2BE856259E4A9E004A3E08 /* SignInViewController.xib */,
			);
			path = "Sign In";
			sourceTree = "<group>";
		};
		AC2BE851259E496A004A3E08 /* News Cell */ = {
			isa = PBXGroup;
			children = (
				AC4D9C932542FA7600942DA8 /* NewsCell.xib */,
				AC4D9C922542FA7600942DA8 /* NewsCell.swift */,
			);
			path = "News Cell";
			sourceTree = "<group>";
		};
		AC467AA4252B7EF2003089D5 /* Views */ = {
			isa = PBXGroup;
			children = (
				AC6046D9252A15F3007CEB56 /* Main.storyboard */,
				AC6046DE252A15F4007CEB56 /* LaunchScreen.storyboard */,
				AC2BE851259E496A004A3E08 /* News Cell */,
				ACAF5E82258A3DED00F6026B /* LoadMoreActivityIndicator.swift */,
				AC3DAA4C2594DBE100F2FAC1 /* RecentSearchesTableView.swift */,
				ACBD7D3D259D017300BE2FF6 /* Signed Out View */,
				AC11B84B25A5ED3B0015F6B7 /* PasswordTextField.swift */,
			);
			path = Views;
			sourceTree = "<group>";
		};
		AC467AA5252B7F02003089D5 /* Model */ = {
			isa = PBXGroup;
			children = (
				ACEDF7D725306FCB00F3E4F8 /* Category.swift */,
				ACEDF81E2535D7DD00F3E4F8 /* Settings.swift */,
				ACEDF833253887B400F3E4F8 /* Country.swift */,
				AC5365F925520E6F00061FDA /* NewsManager.swift */,
				ACEDC6312593867200AE66EC /* RecentSearches.swift */,
			);
			path = Model;
			sourceTree = "<group>";
		};
		AC467AA6252B7F13003089D5 /* Controllers */ = {
			isa = PBXGroup;
			children = (
				AC01D48A257FDD8F0036A1EA /* TabBarController.swift */,
				ACE36303258F90C500C8C620 /* Core Tabs */,
				AC6558092595376500345F73 /* RealFake Screen */,
				ACFFE04B25979DBB00B55AF2 /* PublicViews */,
				AC29BE2125A0559A003C1555 /* Sign In */,
			);
			path = Controllers;
			sourceTree = "<group>";
		};
		AC6046C7252A15F3007CEB56 = {
			isa = PBXGroup;
			children = (
				AC6046D2252A15F3007CEB56 /* newsApp */,
				AC4D9CE7254EEE6B00942DA8 /* newsApp.app */,
				9B540F6BB22A83E4936A7EDC /* Pods */,
				B1F8E4DE6918066E97E7BE98 /* Frameworks */,
				AC27F0C9256171D5006FE9FE /* newsAppTests.xctest */,
				AC27F0CA256171D5006FE9FE /* newsAppUITests.xctest */,
			);
			sourceTree = "<group>";
		};
		AC6046D2252A15F3007CEB56 /* newsApp */ = {
			isa = PBXGroup;
			children = (
				AC6046D3252A15F3007CEB56 /* AppDelegate.swift */,
				AC6046D5252A15F3007CEB56 /* SceneDelegate.swift */,
				AC467AA5252B7F02003089D5 /* Model */,
				AC467AA4252B7EF2003089D5 /* Views */,
				AC467AA6252B7F13003089D5 /* Controllers */,
				AC6046DC252A15F4007CEB56 /* Assets.xcassets */,
				AC6046E1252A15F5007CEB56 /* Info.plist */,
				AC2F43BC259BAA9E00DD74CF /* GoogleService-Info.plist */,
				AC4D9CEE254EEECD00942DA8 /* Secrets.plist */,
				AC5D2A572579522F00031C56 /* Constants.swift */,
			);
			path = newsApp;
			sourceTree = "<group>";
		};
		AC6558092595376500345F73 /* RealFake Screen */ = {
			isa = PBXGroup;
			children = (
				AC6557FB25952B2C00345F73 /* RealFakeViewController.swift */,
			);
			path = "RealFake Screen";
			sourceTree = "<group>";
		};
		ACBD7D3D259D017300BE2FF6 /* Signed Out View */ = {
			isa = PBXGroup;
			children = (
				AC2F4447259CEE8200DD74CF /* SignedOutView.swift */,
				AC2F444F259CF73700DD74CF /* SignedOutView.xib */,
			);
			path = "Signed Out View";
			sourceTree = "<group>";
		};
		ACE36303258F90C500C8C620 /* Core Tabs */ = {
			isa = PBXGroup;
			children = (
				ACE36304258F90EB00C8C620 /* Newsstand */,
				ACE3630C258F913500C8C620 /* WorldCountry */,
				AC2F443F259CB66D00DD74CF /* MarkedViewController.swift */,
				ACE36308258F910900C8C620 /* Settings */,
			);
			path = "Core Tabs";
			sourceTree = "<group>";
		};
		ACE36304258F90EB00C8C620 /* Newsstand */ = {
			isa = PBXGroup;
			children = (
				AC467AC8252BC530003089D5 /* CountryTableViewController.swift */,
				AC467AAF252BB018003089D5 /* NewsstandTableViewController.swift */,
			);
			path = Newsstand;
			sourceTree = "<group>";
		};
		ACE36308258F910900C8C620 /* Settings */ = {
			isa = PBXGroup;
			children = (
				AC5D2A3E2572773200031C56 /* SettingsTableViewController.swift */,
				ACDD7DC2257BD7590027795F /* SetIntitalScreenTableViewController.swift */,
			);
			path = Settings;
			sourceTree = "<group>";
		};
		ACE3630C258F913500C8C620 /* WorldCountry */ = {
			isa = PBXGroup;
			children = (
				AC3ED70325405C29007BED8B /* WorldCountryViewController.swift */,
			);
			path = WorldCountry;
			sourceTree = "<group>";
		};
		ACFFE04B25979DBB00B55AF2 /* PublicViews */ = {
			isa = PBXGroup;
			children = (
				ACFFE04625979DB600B55AF2 /* PublicViewsViewController.swift */,
			);
			path = PublicViews;
			sourceTree = "<group>";
		};
		B1F8E4DE6918066E97E7BE98 /* Frameworks */ = {
			isa = PBXGroup;
			children = (
				763DB5C5856A18A1D3EAD04F /* Pods_newsApp.framework */,
				32005ED97659CBA2B28082B7 /* Pods_newsApp_newsAppUITests.framework */,
				76EF39D3E477FB9E6B61F768 /* Pods_newsAppTests.framework */,
			);
			name = Frameworks;
			sourceTree = "<group>";
		};
/* End PBXGroup section */

/* Begin PBXNativeTarget section */
		AC6046CF252A15F3007CEB56 /* newsApp */ = {
			isa = PBXNativeTarget;
			buildConfigurationList = AC6046FA252A15F5007CEB56 /* Build configuration list for PBXNativeTarget "newsApp" */;
			buildPhases = (
				A59BBFD6FEA2C4334D1F61EB /* [CP] Check Pods Manifest.lock */,
				AC6046CC252A15F3007CEB56 /* Sources */,
				AC6046CD252A15F3007CEB56 /* Frameworks */,
				AC6046CE252A15F3007CEB56 /* Resources */,
				088F31EA345266C2AF17EC15 /* [CP] Embed Pods Frameworks */,
			);
			buildRules = (
			);
			dependencies = (
			);
			name = newsApp;
			productName = newsApp;
			productReference = AC4D9CE7254EEE6B00942DA8 /* newsApp.app */;
			productType = "com.apple.product-type.application";
		};
		AC6046E5252A15F5007CEB56 /* newsAppTests */ = {
			isa = PBXNativeTarget;
			buildConfigurationList = AC6046FD252A15F5007CEB56 /* Build configuration list for PBXNativeTarget "newsAppTests" */;
			buildPhases = (
				BD0B1E57D447BD2D7435F02B /* [CP] Check Pods Manifest.lock */,
				AC6046E2252A15F5007CEB56 /* Sources */,
				AC6046E3252A15F5007CEB56 /* Frameworks */,
				AC6046E4252A15F5007CEB56 /* Resources */,
			);
			buildRules = (
			);
			dependencies = (
				AC6046E8252A15F5007CEB56 /* PBXTargetDependency */,
			);
			name = newsAppTests;
			productName = newsAppTests;
			productReference = AC27F0C9256171D5006FE9FE /* newsAppTests.xctest */;
			productType = "com.apple.product-type.bundle.unit-test";
		};
		AC6046F0252A15F5007CEB56 /* newsAppUITests */ = {
			isa = PBXNativeTarget;
			buildConfigurationList = AC604700252A15F5007CEB56 /* Build configuration list for PBXNativeTarget "newsAppUITests" */;
			buildPhases = (
				36C38F7900C5290CDD823E5B /* [CP] Check Pods Manifest.lock */,
				AC6046ED252A15F5007CEB56 /* Sources */,
				AC6046EE252A15F5007CEB56 /* Frameworks */,
				AC6046EF252A15F5007CEB56 /* Resources */,
				99567BA6AE017A56C6D4EEFC /* [CP] Embed Pods Frameworks */,
			);
			buildRules = (
			);
			dependencies = (
				AC6046F3252A15F5007CEB56 /* PBXTargetDependency */,
			);
			name = newsAppUITests;
			productName = newsAppUITests;
			productReference = AC27F0CA256171D5006FE9FE /* newsAppUITests.xctest */;
			productType = "com.apple.product-type.bundle.ui-testing";
		};
/* End PBXNativeTarget section */

/* Begin PBXProject section */
		AC6046C8252A15F3007CEB56 /* Project object */ = {
			isa = PBXProject;
			attributes = {
				LastSwiftUpdateCheck = 1200;
				LastUpgradeCheck = 1200;
				TargetAttributes = {
					AC6046CF252A15F3007CEB56 = {
						CreatedOnToolsVersion = 12.0.1;
					};
					AC6046E5252A15F5007CEB56 = {
						CreatedOnToolsVersion = 12.0.1;
						TestTargetID = AC6046CF252A15F3007CEB56;
					};
					AC6046F0252A15F5007CEB56 = {
						CreatedOnToolsVersion = 12.0.1;
						TestTargetID = AC6046CF252A15F3007CEB56;
					};
				};
			};
			buildConfigurationList = AC6046CB252A15F3007CEB56 /* Build configuration list for PBXProject "newsApp" */;
			compatibilityVersion = "Xcode 9.3";
			developmentRegion = en;
			hasScannedForEncodings = 0;
			knownRegions = (
				en,
				Base,
			);
			mainGroup = AC6046C7252A15F3007CEB56;
			productRefGroup = AC6046C7252A15F3007CEB56;
			projectDirPath = "";
			projectRoot = "";
			targets = (
				AC6046CF252A15F3007CEB56 /* newsApp */,
				AC6046E5252A15F5007CEB56 /* newsAppTests */,
				AC6046F0252A15F5007CEB56 /* newsAppUITests */,
			);
		};
/* End PBXProject section */

/* Begin PBXResourcesBuildPhase section */
		AC6046CE252A15F3007CEB56 /* Resources */ = {
			isa = PBXResourcesBuildPhase;
			buildActionMask = 2147483647;
			files = (
				AC2BE858259E4A9E004A3E08 /* SignInViewController.xib in Resources */,
				AC2F4450259CF73700DD74CF /* SignedOutView.xib in Resources */,
				AC6046E0252A15F5007CEB56 /* LaunchScreen.storyboard in Resources */,
				AC4D9C952542FA7600942DA8 /* NewsCell.xib in Resources */,
				AC6046DD252A15F4007CEB56 /* Assets.xcassets in Resources */,
				AC4D9CEF254EEECD00942DA8 /* Secrets.plist in Resources */,
				AC6046DB252A15F3007CEB56 /* Main.storyboard in Resources */,
				AC2F43BD259BAA9E00DD74CF /* GoogleService-Info.plist in Resources */,
			);
			runOnlyForDeploymentPostprocessing = 0;
		};
		AC6046E4252A15F5007CEB56 /* Resources */ = {
			isa = PBXResourcesBuildPhase;
			buildActionMask = 2147483647;
			files = (
			);
			runOnlyForDeploymentPostprocessing = 0;
		};
		AC6046EF252A15F5007CEB56 /* Resources */ = {
			isa = PBXResourcesBuildPhase;
			buildActionMask = 2147483647;
			files = (
			);
			runOnlyForDeploymentPostprocessing = 0;
		};
/* End PBXResourcesBuildPhase section */

/* Begin PBXShellScriptBuildPhase section */
		088F31EA345266C2AF17EC15 /* [CP] Embed Pods Frameworks */ = {
			isa = PBXShellScriptBuildPhase;
			buildActionMask = 2147483647;
			files = (
			);
			inputFileListPaths = (
				"${PODS_ROOT}/Target Support Files/Pods-newsApp/Pods-newsApp-frameworks-${CONFIGURATION}-input-files.xcfilelist",
			);
			name = "[CP] Embed Pods Frameworks";
			outputFileListPaths = (
				"${PODS_ROOT}/Target Support Files/Pods-newsApp/Pods-newsApp-frameworks-${CONFIGURATION}-output-files.xcfilelist",
			);
			runOnlyForDeploymentPostprocessing = 0;
			shellPath = /bin/sh;
			shellScript = "\"${PODS_ROOT}/Target Support Files/Pods-newsApp/Pods-newsApp-frameworks.sh\"\n";
			showEnvVarsInLog = 0;
		};
		36C38F7900C5290CDD823E5B /* [CP] Check Pods Manifest.lock */ = {
			isa = PBXShellScriptBuildPhase;
			buildActionMask = 2147483647;
			files = (
			);
			inputFileListPaths = (
			);
			inputPaths = (
				"${PODS_PODFILE_DIR_PATH}/Podfile.lock",
				"${PODS_ROOT}/Manifest.lock",
			);
			name = "[CP] Check Pods Manifest.lock";
			outputFileListPaths = (
			);
			outputPaths = (
				"$(DERIVED_FILE_DIR)/Pods-newsApp-newsAppUITests-checkManifestLockResult.txt",
			);
			runOnlyForDeploymentPostprocessing = 0;
			shellPath = /bin/sh;
			shellScript = "diff \"${PODS_PODFILE_DIR_PATH}/Podfile.lock\" \"${PODS_ROOT}/Manifest.lock\" > /dev/null\nif [ $? != 0 ] ; then\n    # print error to STDERR\n    echo \"error: The sandbox is not in sync with the Podfile.lock. Run 'pod install' or update your CocoaPods installation.\" >&2\n    exit 1\nfi\n# This output is used by Xcode 'outputs' to avoid re-running this script phase.\necho \"SUCCESS\" > \"${SCRIPT_OUTPUT_FILE_0}\"\n";
			showEnvVarsInLog = 0;
		};
		99567BA6AE017A56C6D4EEFC /* [CP] Embed Pods Frameworks */ = {
			isa = PBXShellScriptBuildPhase;
			buildActionMask = 2147483647;
			files = (
			);
			inputFileListPaths = (
				"${PODS_ROOT}/Target Support Files/Pods-newsApp-newsAppUITests/Pods-newsApp-newsAppUITests-frameworks-${CONFIGURATION}-input-files.xcfilelist",
			);
			name = "[CP] Embed Pods Frameworks";
			outputFileListPaths = (
				"${PODS_ROOT}/Target Support Files/Pods-newsApp-newsAppUITests/Pods-newsApp-newsAppUITests-frameworks-${CONFIGURATION}-output-files.xcfilelist",
			);
			runOnlyForDeploymentPostprocessing = 0;
			shellPath = /bin/sh;
			shellScript = "\"${PODS_ROOT}/Target Support Files/Pods-newsApp-newsAppUITests/Pods-newsApp-newsAppUITests-frameworks.sh\"\n";
			showEnvVarsInLog = 0;
		};
		A59BBFD6FEA2C4334D1F61EB /* [CP] Check Pods Manifest.lock */ = {
			isa = PBXShellScriptBuildPhase;
			buildActionMask = 2147483647;
			files = (
			);
			inputFileListPaths = (
			);
			inputPaths = (
				"${PODS_PODFILE_DIR_PATH}/Podfile.lock",
				"${PODS_ROOT}/Manifest.lock",
			);
			name = "[CP] Check Pods Manifest.lock";
			outputFileListPaths = (
			);
			outputPaths = (
				"$(DERIVED_FILE_DIR)/Pods-newsApp-checkManifestLockResult.txt",
			);
			runOnlyForDeploymentPostprocessing = 0;
			shellPath = /bin/sh;
			shellScript = "diff \"${PODS_PODFILE_DIR_PATH}/Podfile.lock\" \"${PODS_ROOT}/Manifest.lock\" > /dev/null\nif [ $? != 0 ] ; then\n    # print error to STDERR\n    echo \"error: The sandbox is not in sync with the Podfile.lock. Run 'pod install' or update your CocoaPods installation.\" >&2\n    exit 1\nfi\n# This output is used by Xcode 'outputs' to avoid re-running this script phase.\necho \"SUCCESS\" > \"${SCRIPT_OUTPUT_FILE_0}\"\n";
			showEnvVarsInLog = 0;
		};
		BD0B1E57D447BD2D7435F02B /* [CP] Check Pods Manifest.lock */ = {
			isa = PBXShellScriptBuildPhase;
			buildActionMask = 2147483647;
			files = (
			);
			inputFileListPaths = (
			);
			inputPaths = (
				"${PODS_PODFILE_DIR_PATH}/Podfile.lock",
				"${PODS_ROOT}/Manifest.lock",
			);
			name = "[CP] Check Pods Manifest.lock";
			outputFileListPaths = (
			);
			outputPaths = (
				"$(DERIVED_FILE_DIR)/Pods-newsAppTests-checkManifestLockResult.txt",
			);
			runOnlyForDeploymentPostprocessing = 0;
			shellPath = /bin/sh;
			shellScript = "diff \"${PODS_PODFILE_DIR_PATH}/Podfile.lock\" \"${PODS_ROOT}/Manifest.lock\" > /dev/null\nif [ $? != 0 ] ; then\n    # print error to STDERR\n    echo \"error: The sandbox is not in sync with the Podfile.lock. Run 'pod install' or update your CocoaPods installation.\" >&2\n    exit 1\nfi\n# This output is used by Xcode 'outputs' to avoid re-running this script phase.\necho \"SUCCESS\" > \"${SCRIPT_OUTPUT_FILE_0}\"\n";
			showEnvVarsInLog = 0;
		};
/* End PBXShellScriptBuildPhase section */

/* Begin PBXSourcesBuildPhase section */
		AC6046CC252A15F3007CEB56 /* Sources */ = {
			isa = PBXSourcesBuildPhase;
			buildActionMask = 2147483647;
			files = (
				AC2BE857259E4A9E004A3E08 /* SignInViewController.swift in Sources */,
				ACEDF834253887B400F3E4F8 /* Country.swift in Sources */,
				AC6557FC25952B2C00345F73 /* RealFakeViewController.swift in Sources */,
				AC4D9C942542FA7600942DA8 /* NewsCell.swift in Sources */,
				AC5365FA25520E6F00061FDA /* NewsManager.swift in Sources */,
				AC5D2A3F2572773200031C56 /* SettingsTableViewController.swift in Sources */,
				AC3DAA4D2594DBE100F2FAC1 /* RecentSearchesTableView.swift in Sources */,
				ACEDF81F2535D7DD00F3E4F8 /* Settings.swift in Sources */,
				ACEDC6322593867200AE66EC /* RecentSearches.swift in Sources */,
				AC11B84C25A5ED3B0015F6B7 /* PasswordTextField.swift in Sources */,
				AC2F4448259CEE8200DD74CF /* SignedOutView.swift in Sources */,
				AC2F4440259CB66D00DD74CF /* MarkedViewController.swift in Sources */,
				AC467AC9252BC530003089D5 /* CountryTableViewController.swift in Sources */,
				ACAF5E83258A3DED00F6026B /* LoadMoreActivityIndicator.swift in Sources */,
				ACFFE04725979DB600B55AF2 /* PublicViewsViewController.swift in Sources */,
				ACEDF7D825306FCB00F3E4F8 /* Category.swift in Sources */,
				AC3ED70425405C29007BED8B /* WorldCountryViewController.swift in Sources */,
				AC6046D4252A15F3007CEB56 /* AppDelegate.swift in Sources */,
				AC6046D6252A15F3007CEB56 /* SceneDelegate.swift in Sources */,
				ACDD7DC3257BD7590027795F /* SetIntitalScreenTableViewController.swift in Sources */,
				AC01D48B257FDD8F0036A1EA /* TabBarController.swift in Sources */,
				AC467AB0252BB018003089D5 /* NewsstandTableViewController.swift in Sources */,
				AC5D2A582579523600031C56 /* Constants.swift in Sources */,
			);
			runOnlyForDeploymentPostprocessing = 0;
		};
		AC6046E2252A15F5007CEB56 /* Sources */ = {
			isa = PBXSourcesBuildPhase;
			buildActionMask = 2147483647;
			files = (
			);
			runOnlyForDeploymentPostprocessing = 0;
		};
		AC6046ED252A15F5007CEB56 /* Sources */ = {
			isa = PBXSourcesBuildPhase;
			buildActionMask = 2147483647;
			files = (
			);
			runOnlyForDeploymentPostprocessing = 0;
		};
/* End PBXSourcesBuildPhase section */

/* Begin PBXTargetDependency section */
		AC6046E8252A15F5007CEB56 /* PBXTargetDependency */ = {
			isa = PBXTargetDependency;
			target = AC6046CF252A15F3007CEB56 /* newsApp */;
			targetProxy = AC6046E7252A15F5007CEB56 /* PBXContainerItemProxy */;
		};
		AC6046F3252A15F5007CEB56 /* PBXTargetDependency */ = {
			isa = PBXTargetDependency;
			target = AC6046CF252A15F3007CEB56 /* newsApp */;
			targetProxy = AC6046F2252A15F5007CEB56 /* PBXContainerItemProxy */;
		};
/* End PBXTargetDependency section */

/* Begin PBXVariantGroup section */
		AC6046D9252A15F3007CEB56 /* Main.storyboard */ = {
			isa = PBXVariantGroup;
			children = (
				AC6046DA252A15F3007CEB56 /* Base */,
			);
			name = Main.storyboard;
			sourceTree = "<group>";
		};
		AC6046DE252A15F4007CEB56 /* LaunchScreen.storyboard */ = {
			isa = PBXVariantGroup;
			children = (
				AC6046DF252A15F4007CEB56 /* Base */,
			);
			name = LaunchScreen.storyboard;
			sourceTree = "<group>";
		};
/* End PBXVariantGroup section */

/* Begin XCBuildConfiguration section */
		AC6046F8252A15F5007CEB56 /* Debug */ = {
			isa = XCBuildConfiguration;
			buildSettings = {
				ALWAYS_SEARCH_USER_PATHS = NO;
				CLANG_ANALYZER_NONNULL = YES;
				CLANG_ANALYZER_NUMBER_OBJECT_CONVERSION = YES_AGGRESSIVE;
				CLANG_CXX_LANGUAGE_STANDARD = "gnu++14";
				CLANG_CXX_LIBRARY = "libc++";
				CLANG_ENABLE_MODULES = YES;
				CLANG_ENABLE_OBJC_ARC = YES;
				CLANG_ENABLE_OBJC_WEAK = YES;
				CLANG_WARN_BLOCK_CAPTURE_AUTORELEASING = YES;
				CLANG_WARN_BOOL_CONVERSION = YES;
				CLANG_WARN_COMMA = YES;
				CLANG_WARN_CONSTANT_CONVERSION = YES;
				CLANG_WARN_DEPRECATED_OBJC_IMPLEMENTATIONS = YES;
				CLANG_WARN_DIRECT_OBJC_ISA_USAGE = YES_ERROR;
				CLANG_WARN_DOCUMENTATION_COMMENTS = YES;
				CLANG_WARN_EMPTY_BODY = YES;
				CLANG_WARN_ENUM_CONVERSION = YES;
				CLANG_WARN_INFINITE_RECURSION = YES;
				CLANG_WARN_INT_CONVERSION = YES;
				CLANG_WARN_NON_LITERAL_NULL_CONVERSION = YES;
				CLANG_WARN_OBJC_IMPLICIT_RETAIN_SELF = YES;
				CLANG_WARN_OBJC_LITERAL_CONVERSION = YES;
				CLANG_WARN_OBJC_ROOT_CLASS = YES_ERROR;
				CLANG_WARN_QUOTED_INCLUDE_IN_FRAMEWORK_HEADER = YES;
				CLANG_WARN_RANGE_LOOP_ANALYSIS = YES;
				CLANG_WARN_STRICT_PROTOTYPES = YES;
				CLANG_WARN_SUSPICIOUS_MOVE = YES;
				CLANG_WARN_UNGUARDED_AVAILABILITY = YES_AGGRESSIVE;
				CLANG_WARN_UNREACHABLE_CODE = YES;
				CLANG_WARN__DUPLICATE_METHOD_MATCH = YES;
				COPY_PHASE_STRIP = NO;
				DEBUG_INFORMATION_FORMAT = dwarf;
				ENABLE_STRICT_OBJC_MSGSEND = YES;
				ENABLE_TESTABILITY = YES;
				GCC_C_LANGUAGE_STANDARD = gnu11;
				GCC_DYNAMIC_NO_PIC = NO;
				GCC_NO_COMMON_BLOCKS = YES;
				GCC_OPTIMIZATION_LEVEL = 0;
				GCC_PREPROCESSOR_DEFINITIONS = (
					"DEBUG=1",
					"$(inherited)",
				);
				GCC_WARN_64_TO_32_BIT_CONVERSION = YES;
				GCC_WARN_ABOUT_RETURN_TYPE = YES_ERROR;
				GCC_WARN_UNDECLARED_SELECTOR = YES;
				GCC_WARN_UNINITIALIZED_AUTOS = YES_AGGRESSIVE;
				GCC_WARN_UNUSED_FUNCTION = YES;
				GCC_WARN_UNUSED_VARIABLE = YES;
				IPHONEOS_DEPLOYMENT_TARGET = 14.0;
				MTL_ENABLE_DEBUG_INFO = INCLUDE_SOURCE;
				MTL_FAST_MATH = YES;
				ONLY_ACTIVE_ARCH = YES;
				SDKROOT = iphoneos;
				SWIFT_ACTIVE_COMPILATION_CONDITIONS = DEBUG;
				SWIFT_OPTIMIZATION_LEVEL = "-Onone";
			};
			name = Debug;
		};
		AC6046F9252A15F5007CEB56 /* Release */ = {
			isa = XCBuildConfiguration;
			buildSettings = {
				ALWAYS_SEARCH_USER_PATHS = NO;
				CLANG_ANALYZER_NONNULL = YES;
				CLANG_ANALYZER_NUMBER_OBJECT_CONVERSION = YES_AGGRESSIVE;
				CLANG_CXX_LANGUAGE_STANDARD = "gnu++14";
				CLANG_CXX_LIBRARY = "libc++";
				CLANG_ENABLE_MODULES = YES;
				CLANG_ENABLE_OBJC_ARC = YES;
				CLANG_ENABLE_OBJC_WEAK = YES;
				CLANG_WARN_BLOCK_CAPTURE_AUTORELEASING = YES;
				CLANG_WARN_BOOL_CONVERSION = YES;
				CLANG_WARN_COMMA = YES;
				CLANG_WARN_CONSTANT_CONVERSION = YES;
				CLANG_WARN_DEPRECATED_OBJC_IMPLEMENTATIONS = YES;
				CLANG_WARN_DIRECT_OBJC_ISA_USAGE = YES_ERROR;
				CLANG_WARN_DOCUMENTATION_COMMENTS = YES;
				CLANG_WARN_EMPTY_BODY = YES;
				CLANG_WARN_ENUM_CONVERSION = YES;
				CLANG_WARN_INFINITE_RECURSION = YES;
				CLANG_WARN_INT_CONVERSION = YES;
				CLANG_WARN_NON_LITERAL_NULL_CONVERSION = YES;
				CLANG_WARN_OBJC_IMPLICIT_RETAIN_SELF = YES;
				CLANG_WARN_OBJC_LITERAL_CONVERSION = YES;
				CLANG_WARN_OBJC_ROOT_CLASS = YES_ERROR;
				CLANG_WARN_QUOTED_INCLUDE_IN_FRAMEWORK_HEADER = YES;
				CLANG_WARN_RANGE_LOOP_ANALYSIS = YES;
				CLANG_WARN_STRICT_PROTOTYPES = YES;
				CLANG_WARN_SUSPICIOUS_MOVE = YES;
				CLANG_WARN_UNGUARDED_AVAILABILITY = YES_AGGRESSIVE;
				CLANG_WARN_UNREACHABLE_CODE = YES;
				CLANG_WARN__DUPLICATE_METHOD_MATCH = YES;
				COPY_PHASE_STRIP = NO;
				DEBUG_INFORMATION_FORMAT = "dwarf-with-dsym";
				ENABLE_NS_ASSERTIONS = NO;
				ENABLE_STRICT_OBJC_MSGSEND = YES;
				GCC_C_LANGUAGE_STANDARD = gnu11;
				GCC_NO_COMMON_BLOCKS = YES;
				GCC_WARN_64_TO_32_BIT_CONVERSION = YES;
				GCC_WARN_ABOUT_RETURN_TYPE = YES_ERROR;
				GCC_WARN_UNDECLARED_SELECTOR = YES;
				GCC_WARN_UNINITIALIZED_AUTOS = YES_AGGRESSIVE;
				GCC_WARN_UNUSED_FUNCTION = YES;
				GCC_WARN_UNUSED_VARIABLE = YES;
				IPHONEOS_DEPLOYMENT_TARGET = 14.0;
				MTL_ENABLE_DEBUG_INFO = NO;
				MTL_FAST_MATH = YES;
				SDKROOT = iphoneos;
				SWIFT_COMPILATION_MODE = wholemodule;
				SWIFT_OPTIMIZATION_LEVEL = "-O";
				VALIDATE_PRODUCT = YES;
			};
			name = Release;
		};
		AC6046FB252A15F5007CEB56 /* Debug */ = {
			isa = XCBuildConfiguration;
			baseConfigurationReference = E90A12B8BD035A0CE3C6D83D /* Pods-newsApp.debug.xcconfig */;
			buildSettings = {
				ASSETCATALOG_COMPILER_APPICON_NAME = AppIcon;
				ASSETCATALOG_COMPILER_GLOBAL_ACCENT_COLOR_NAME = AccentColor;
				CODE_SIGN_STYLE = Automatic;
				DEVELOPMENT_TEAM = LZP38233DV;
				INFOPLIST_FILE = newsApp/Info.plist;
				LD_RUNPATH_SEARCH_PATHS = (
					"$(inherited)",
					"@executable_path/Frameworks",
				);
				PRODUCT_BUNDLE_IDENTIFIER = com.geekASFUCK.newsApp;
				PRODUCT_NAME = "$(TARGET_NAME)";
				SWIFT_VERSION = 5.0;
				TARGETED_DEVICE_FAMILY = 1;
			};
			name = Debug;
		};
		AC6046FC252A15F5007CEB56 /* Release */ = {
			isa = XCBuildConfiguration;
			baseConfigurationReference = 4BDCBACE45A169507B06F6DC /* Pods-newsApp.release.xcconfig */;
			buildSettings = {
				ASSETCATALOG_COMPILER_APPICON_NAME = AppIcon;
				ASSETCATALOG_COMPILER_GLOBAL_ACCENT_COLOR_NAME = AccentColor;
				CODE_SIGN_STYLE = Automatic;
				DEVELOPMENT_TEAM = LZP38233DV;
				INFOPLIST_FILE = newsApp/Info.plist;
				LD_RUNPATH_SEARCH_PATHS = (
					"$(inherited)",
					"@executable_path/Frameworks",
				);
				PRODUCT_BUNDLE_IDENTIFIER = com.geekASFUCK.newsApp;
				PRODUCT_NAME = "$(TARGET_NAME)";
				SWIFT_VERSION = 5.0;
				TARGETED_DEVICE_FAMILY = 1;
			};
			name = Release;
		};
		AC6046FE252A15F5007CEB56 /* Debug */ = {
			isa = XCBuildConfiguration;
			baseConfigurationReference = 851DF7E0CF276C2438F2D188 /* Pods-newsAppTests.debug.xcconfig */;
			buildSettings = {
				ALWAYS_EMBED_SWIFT_STANDARD_LIBRARIES = YES;
				BUNDLE_LOADER = "$(TEST_HOST)";
				CODE_SIGN_STYLE = Automatic;
				DEVELOPMENT_TEAM = LZP38233DV;
				INFOPLIST_FILE = newsAppTests/Info.plist;
				IPHONEOS_DEPLOYMENT_TARGET = 14.0;
				LD_RUNPATH_SEARCH_PATHS = (
					"$(inherited)",
					"@executable_path/Frameworks",
					"@loader_path/Frameworks",
				);
				PRODUCT_BUNDLE_IDENTIFIER = com.geekASFUCK.newsAppTests;
				PRODUCT_NAME = "$(TARGET_NAME)";
				SWIFT_VERSION = 5.0;
				TARGETED_DEVICE_FAMILY = "1,2";
				TEST_HOST = "$(BUILT_PRODUCTS_DIR)/newsApp.app/newsApp";
			};
			name = Debug;
		};
		AC6046FF252A15F5007CEB56 /* Release */ = {
			isa = XCBuildConfiguration;
			baseConfigurationReference = 31C7036DB7C16C9570B73658 /* Pods-newsAppTests.release.xcconfig */;
			buildSettings = {
				ALWAYS_EMBED_SWIFT_STANDARD_LIBRARIES = YES;
				BUNDLE_LOADER = "$(TEST_HOST)";
				CODE_SIGN_STYLE = Automatic;
				DEVELOPMENT_TEAM = LZP38233DV;
				INFOPLIST_FILE = newsAppTests/Info.plist;
				IPHONEOS_DEPLOYMENT_TARGET = 14.0;
				LD_RUNPATH_SEARCH_PATHS = (
					"$(inherited)",
					"@executable_path/Frameworks",
					"@loader_path/Frameworks",
				);
				PRODUCT_BUNDLE_IDENTIFIER = com.geekASFUCK.newsAppTests;
				PRODUCT_NAME = "$(TARGET_NAME)";
				SWIFT_VERSION = 5.0;
				TARGETED_DEVICE_FAMILY = "1,2";
				TEST_HOST = "$(BUILT_PRODUCTS_DIR)/newsApp.app/newsApp";
			};
			name = Release;
		};
		AC604701252A15F5007CEB56 /* Debug */ = {
			isa = XCBuildConfiguration;
			baseConfigurationReference = 261BAB07F35F07333F5FBC12 /* Pods-newsApp-newsAppUITests.debug.xcconfig */;
			buildSettings = {
				ALWAYS_EMBED_SWIFT_STANDARD_LIBRARIES = YES;
				CODE_SIGN_STYLE = Automatic;
				DEVELOPMENT_TEAM = LZP38233DV;
				INFOPLIST_FILE = newsAppUITests/Info.plist;
				LD_RUNPATH_SEARCH_PATHS = (
					"$(inherited)",
					"@executable_path/Frameworks",
					"@loader_path/Frameworks",
				);
				PRODUCT_BUNDLE_IDENTIFIER = com.geekASFUCK.newsAppUITests;
				PRODUCT_NAME = "$(TARGET_NAME)";
				SWIFT_VERSION = 5.0;
				TARGETED_DEVICE_FAMILY = "1,2";
				TEST_TARGET_NAME = newsApp;
			};
			name = Debug;
		};
		AC604702252A15F5007CEB56 /* Release */ = {
			isa = XCBuildConfiguration;
			baseConfigurationReference = F8C1E99B4F1A33C6BC1AFFE9 /* Pods-newsApp-newsAppUITests.release.xcconfig */;
			buildSettings = {
				ALWAYS_EMBED_SWIFT_STANDARD_LIBRARIES = YES;
				CODE_SIGN_STYLE = Automatic;
				DEVELOPMENT_TEAM = LZP38233DV;
				INFOPLIST_FILE = newsAppUITests/Info.plist;
				LD_RUNPATH_SEARCH_PATHS = (
					"$(inherited)",
					"@executable_path/Frameworks",
					"@loader_path/Frameworks",
				);
				PRODUCT_BUNDLE_IDENTIFIER = com.geekASFUCK.newsAppUITests;
				PRODUCT_NAME = "$(TARGET_NAME)";
				SWIFT_VERSION = 5.0;
				TARGETED_DEVICE_FAMILY = "1,2";
				TEST_TARGET_NAME = newsApp;
			};
			name = Release;
		};
/* End XCBuildConfiguration section */

/* Begin XCConfigurationList section */
		AC6046CB252A15F3007CEB56 /* Build configuration list for PBXProject "newsApp" */ = {
			isa = XCConfigurationList;
			buildConfigurations = (
				AC6046F8252A15F5007CEB56 /* Debug */,
				AC6046F9252A15F5007CEB56 /* Release */,
			);
			defaultConfigurationIsVisible = 0;
			defaultConfigurationName = Release;
		};
		AC6046FA252A15F5007CEB56 /* Build configuration list for PBXNativeTarget "newsApp" */ = {
			isa = XCConfigurationList;
			buildConfigurations = (
				AC6046FB252A15F5007CEB56 /* Debug */,
				AC6046FC252A15F5007CEB56 /* Release */,
			);
			defaultConfigurationIsVisible = 0;
			defaultConfigurationName = Release;
		};
		AC6046FD252A15F5007CEB56 /* Build configuration list for PBXNativeTarget "newsAppTests" */ = {
			isa = XCConfigurationList;
			buildConfigurations = (
				AC6046FE252A15F5007CEB56 /* Debug */,
				AC6046FF252A15F5007CEB56 /* Release */,
			);
			defaultConfigurationIsVisible = 0;
			defaultConfigurationName = Release;
		};
		AC604700252A15F5007CEB56 /* Build configuration list for PBXNativeTarget "newsAppUITests" */ = {
			isa = XCConfigurationList;
			buildConfigurations = (
				AC604701252A15F5007CEB56 /* Debug */,
				AC604702252A15F5007CEB56 /* Release */,
			);
			defaultConfigurationIsVisible = 0;
			defaultConfigurationName = Release;
		};
/* End XCConfigurationList section */
	};
	rootObject = AC6046C8252A15F3007CEB56 /* Project object */;
}
